
Microsoft Visual Studio Solution File, Format Version 12.00
# Visual Studio Version 16
VisualStudioVersion = 16.0.30517.126
MinimumVisualStudioVersion = 10.0.40219.1
Project("{FAE04EC0-301F-11D3-BF4B-00C04F79EFBC}") = "Test", "Test\Test.csproj", "{BA50EA4D-23D3-49A9-BBAF-3C0637FD79D7}"
EndProject
Project("{FAE04EC0-301F-11D3-BF4B-00C04F79EFBC}") = "Test.Tests", "Test.Tests\Test.Tests.csproj", "{12EA554D-94BC-4B28-B01F-566802114D58}"
EndProject
Global
	GlobalSection(SolutionConfigurationPlatforms) = preSolution
		Debug|Any CPU = Debug|Any CPU
		Release|Any CPU = Release|Any CPU
	EndGlobalSection
	GlobalSection(ProjectConfigurationPlatforms) = postSolution
		{BA50EA4D-23D3-49A9-BBAF-3C0637FD79D7}.Debug|Any CPU.ActiveCfg = Debug|Any CPU
		{BA50EA4D-23D3-49A9-BBAF-3C0637FD79D7}.Debug|Any CPU.Build.0 = Debug|Any CPU
		{BA50EA4D-23D3-49A9-BBAF-3C0637FD79D7}.Release|Any CPU.ActiveCfg = Release|Any CPU
		{BA50EA4D-23D3-49A9-BBAF-3C0637FD79D7}.Release|Any CPU.Build.0 = Release|Any CPU
		{12EA554D-94BC-4B28-B01F-566802114D58}.Debug|Any CPU.ActiveCfg = Debug|Any CPU
		{12EA554D-94BC-4B28-B01F-566802114D58}.Debug|Any CPU.Build.0 = Debug|Any CPU
		{12EA554D-94BC-4B28-B01F-566802114D58}.Release|Any CPU.ActiveCfg = Release|Any CPU
		{12EA554D-94BC-4B28-B01F-566802114D58}.Release|Any CPU.Build.0 = Release|Any CPU
	EndGlobalSection
	GlobalSection(SolutionProperties) = preSolution
		HideSolutionNode = FALSE
	EndGlobalSection
	GlobalSection(ExtensibilityGlobals) = postSolution
		SolutionGuid = {6A2AD694-43EB-4C63-B459-0263DBB3D3F7}
	EndGlobalSection
EndGlobal
